
Microsoft Visual Studio Solution File, Format Version 12.00
# Visual Studio Version 17
VisualStudioVersion = 17.10.34916.146
MinimumVisualStudioVersion = 10.0.40219.1
Project("{9A19103F-16F7-4668-BE54-9A1E7A4F7556}") = "Radyuk.UI", "Radyuk.UI\Radyuk.UI.csproj", "{7CF31C40-91B1-47A0-80B8-E491D4F0410D}"
EndProject
Project("{9A19103F-16F7-4668-BE54-9A1E7A4F7556}") = "BAG.DOMAIN", "BAG.DOMAIN\BAG.DOMAIN.csproj", "{6C87F38B-7D08-4EE1-8606-20FF2D7306C6}"
EndProject
Project("{9A19103F-16F7-4668-BE54-9A1E7A4F7556}") = "Radyuk.API", "Radyuk.API\Radyuk.API.csproj", "{89A31182-42A7-48D8-A4E0-F5052CF1EAEA}"
EndProject
Project("{9A19103F-16F7-4668-BE54-9A1E7A4F7556}") = "RED.TEST", "RED.TEST\RED.TEST.csproj", "{783560BA-320F-427F-B046-DBB7D306E42E}"
EndProject
Project("{FAE04EC0-301F-11D3-BF4B-00C04F79EFBC}") = "Rad.Blazor", "Rad.Blazor\Rad.Blazor.csproj", "{E74619F5-8265-44A7-A8F6-BD08F2CD15F4}"
EndProject
Global
	GlobalSection(SolutionConfigurationPlatforms) = preSolution
		Debug|Any CPU = Debug|Any CPU
		Release|Any CPU = Release|Any CPU
	EndGlobalSection
	GlobalSection(ProjectConfigurationPlatforms) = postSolution
		{7CF31C40-91B1-47A0-80B8-E491D4F0410D}.Debug|Any CPU.ActiveCfg = Debug|Any CPU
		{7CF31C40-91B1-47A0-80B8-E491D4F0410D}.Debug|Any CPU.Build.0 = Debug|Any CPU
		{7CF31C40-91B1-47A0-80B8-E491D4F0410D}.Release|Any CPU.ActiveCfg = Release|Any CPU
		{7CF31C40-91B1-47A0-80B8-E491D4F0410D}.Release|Any CPU.Build.0 = Release|Any CPU
		{6C87F38B-7D08-4EE1-8606-20FF2D7306C6}.Debug|Any CPU.ActiveCfg = Debug|Any CPU
		{6C87F38B-7D08-4EE1-8606-20FF2D7306C6}.Debug|Any CPU.Build.0 = Debug|Any CPU
		{6C87F38B-7D08-4EE1-8606-20FF2D7306C6}.Release|Any CPU.ActiveCfg = Release|Any CPU
		{6C87F38B-7D08-4EE1-8606-20FF2D7306C6}.Release|Any CPU.Build.0 = Release|Any CPU
		{89A31182-42A7-48D8-A4E0-F5052CF1EAEA}.Debug|Any CPU.ActiveCfg = Debug|Any CPU
		{89A31182-42A7-48D8-A4E0-F5052CF1EAEA}.Debug|Any CPU.Build.0 = Debug|Any CPU
		{89A31182-42A7-48D8-A4E0-F5052CF1EAEA}.Release|Any CPU.ActiveCfg = Release|Any CPU
		{89A31182-42A7-48D8-A4E0-F5052CF1EAEA}.Release|Any CPU.Build.0 = Release|Any CPU
		{783560BA-320F-427F-B046-DBB7D306E42E}.Debug|Any CPU.ActiveCfg = Debug|Any CPU
		{783560BA-320F-427F-B046-DBB7D306E42E}.Debug|Any CPU.Build.0 = Debug|Any CPU
		{783560BA-320F-427F-B046-DBB7D306E42E}.Release|Any CPU.ActiveCfg = Release|Any CPU
		{783560BA-320F-427F-B046-DBB7D306E42E}.Release|Any CPU.Build.0 = Release|Any CPU
		{E74619F5-8265-44A7-A8F6-BD08F2CD15F4}.Debug|Any CPU.ActiveCfg = Debug|Any CPU
		{E74619F5-8265-44A7-A8F6-BD08F2CD15F4}.Debug|Any CPU.Build.0 = Debug|Any CPU
		{E74619F5-8265-44A7-A8F6-BD08F2CD15F4}.Release|Any CPU.ActiveCfg = Release|Any CPU
		{E74619F5-8265-44A7-A8F6-BD08F2CD15F4}.Release|Any CPU.Build.0 = Release|Any CPU
	EndGlobalSection
	GlobalSection(SolutionProperties) = preSolution
		HideSolutionNode = FALSE
	EndGlobalSection
	GlobalSection(ExtensibilityGlobals) = postSolution
		SolutionGuid = {8D6D5731-AF55-476F-BCCC-6BFD4E09A939}
	EndGlobalSection
EndGlobal
